{
  "name": "@luminarylabs/nexusengine-kits",
  "version": "0.0.1",
  "lockfileVersion": 3,
  "requires": true,
  "packages": {
    "": {
      "name": "@luminarylabs/nexusengine-kits",
      "version": "0.0.1",
      "license": "MIT",
      "devDependencies": {
        "nexusengine": "github:LuminaryLabs-Dev/NexusEngine#main"
      },
      "peerDependencies": {
        "nexusengine": "github:LuminaryLabs-Dev/NexusEngine#main"
      }
    },
    "node_modules/nexusengine": {
      "version": "0.0.3",
      "resolved": "git+ssh://git@github.com/LuminaryLabs-Dev/NexusEngine.git#06305727778d579ca18309221e60c3e41bd066c7",
      "dev": true,
      "license": "MIT",
      "bin": {
        "nexus-editor": "bin/nexus-editor.mjs"
      },
      "engines": {
        "node": ">=18"
      }
    }
  }
}
