{
  "name": "@luminarylabs/nexusengine-kits",
  "version": "0.0.1",
  "lockfileVersion": 3,
  "requires": true,
  "packages": {
    "": {
      "name": "@luminarylabs/nexusengine-kits",
      "version": "0.0.1",
      "license": "MIT",
      "devDependencies": {
        "nexusengine": "git+https://github.com/LuminaryLabs-Dev/NexusEngine.git#100af375f31b13d3c8c16c633ede6e76f465672f"
      },
      "peerDependencies": {
        "nexusengine": "0.0.4"
      }
    },
    "node_modules/@typescript/old": {
      "name": "typescript",
      "version": "6.0.3",
      "resolved": "https://registry.npmjs.org/typescript/-/typescript-6.0.3.tgz",
      "integrity": "sha512-y2TvuxSZPDyQakkFRPZHKFm+KKVqIisdg9/CZwm9ftvKXLP8NRWj38/ODjNbr43SsoXqNuAisEf1GdCxqWcdBw==",
      "dev": true,
      "license": "Apache-2.0",
      "bin": {
        "tsc": "bin/tsc",
        "tsserver": "bin/tsserver"
      },
      "engines": {
        "node": ">=14.17"
      }
    },
    "node_modules/@typescript/typescript6": {
      "version": "6.0.2",
      "resolved": "https://registry.npmjs.org/@typescript/typescript6/-/typescript6-6.0.2.tgz",
      "integrity": "sha512-mbCddXd+jm7hfx7w2YU64/Av4/NqqeG3GoRZgxPcgoTxYjhrcfJRw9ULch71SS4G+Q3bOXFhRvPqjguN0Hyp5w==",
      "dev": true,
      "license": "Apache-2.0",
      "dependencies": {
        "@typescript/old": "npm:typescript@^6"
      },
      "bin": {
        "tsc6": "bin/tsc6"
      }
    },
    "node_modules/nexusengine": {
      "version": "0.0.4",
      "resolved": "git+https://github.com/LuminaryLabs-Dev/NexusEngine.git#100af375f31b13d3c8c16c633ede6e76f465672f",
      "integrity": "sha512-CFwhwKsxLSlo4poXmsJXKX8srwg3hac+rZKO4VuEb1/KRO1t2GkexzpFEvGk8gkUxabE7Pfj9A18GJ+gtTRq0g==",
      "dev": true,
      "license": "MIT",
      "dependencies": {
        "@typescript/typescript6": "6.0.2"
      },
      "bin": {
        "nexusengine": "bin/nexusengine.mjs"
      },
      "engines": {
        "node": ">=18"
      },
      "peerDependencies": {
        "@modelcontextprotocol/sdk": "^1.29.0"
      },
      "peerDependenciesMeta": {
        "@modelcontextprotocol/sdk": {
          "optional": true
        }
      }
    }
  }
}
