{
  "name": "@luminarylabs/nexusengine-kits",
  "version": "0.0.1",
  "lockfileVersion": 3,
  "requires": true,
  "packages": {
    "": {
      "name": "@luminarylabs/nexusengine-kits",
      "version": "0.0.1",
      "license": "MIT",
      "devDependencies": {
        "nexusengine": "git+https://github.com/LuminaryLabs-Dev/NexusEngine.git#91ebeeebb4f4f9bb121d13e0a97b6eac849ae485"
      },
      "peerDependencies": {
        "nexusengine": "0.0.4"
      }
    },
    "node_modules/nexusengine": {
      "version": "0.0.4",
      "resolved": "git+ssh://git@github.com/LuminaryLabs-Dev/NexusEngine.git#91ebeeebb4f4f9bb121d13e0a97b6eac849ae485",
      "integrity": "sha512-34Mqp6hD9EMh/rP/bSN9cthWXxGlynOCdJmz/q6rCm1sffjTyHjoRJ63bO4MfBQqlRU4heFPl7spwp/lD7sp3A==",
      "dev": true,
      "license": "MIT",
      "bin": {
        "nexus-editor": "bin/nexus-editor.mjs"
      },
      "engines": {
        "node": ">=18"
      },
      "peerDependencies": {
        "@modelcontextprotocol/sdk": "^1.29.0"
      },
      "peerDependenciesMeta": {
        "@modelcontextprotocol/sdk": {
          "optional": true
        }
      }
    }
  }
}
